
Microsoft Visual Studio Solution File, Format Version 12.00
# Visual Studio Version 17
VisualStudioVersion = 17.6.33723.286
MinimumVisualStudioVersion = 10.0.40219.1
Project("{9A19103F-16F7-4668-BE54-9A1E7A4F7556}") = "BlazorApp", "BlazorApp.csproj", "{AC4B2CED-5CCB-41F6-B407-BF957D20FBBB}"
EndProject
Global
	GlobalSection(SolutionConfigurationPlatforms) = preSolution
		Debug|Any CPU = Debug|Any CPU
		Release|Any CPU = Release|Any CPU
	EndGlobalSection
	GlobalSection(ProjectConfigurationPlatforms) = postSolution
		{AC4B2CED-5CCB-41F6-B407-BF957D20FBBB}.Debug|Any CPU.ActiveCfg = Debug|Any CPU
		{AC4B2CED-5CCB-41F6-B407-BF957D20FBBB}.Debug|Any CPU.Build.0 = Debug|Any CPU
		{AC4B2CED-5CCB-41F6-B407-BF957D20FBBB}.Release|Any CPU.ActiveCfg = Release|Any CPU
		{AC4B2CED-5CCB-41F6-B407-BF957D20FBBB}.Release|Any CPU.Build.0 = Release|Any CPU
	EndGlobalSection
	GlobalSection(SolutionProperties) = preSolution
		HideSolutionNode = FALSE
	EndGlobalSection
	GlobalSection(ExtensibilityGlobals) = postSolution
		SolutionGuid = {B1EDD137-61CA-4C0E-A034-E4F9851EC9B6}
	EndGlobalSection
EndGlobal
