
Microsoft Visual Studio Solution File, Format Version 12.00
# Visual Studio Version 17
VisualStudioVersion = 17.0.31912.275
MinimumVisualStudioVersion = 10.0.40219.1
Project("{9A19103F-16F7-4668-BE54-9A1E7A4F7556}") = "Producer", "Producer\Producer.csproj", "{8839FCF9-9FB7-42F9-B6C0-4B17465A123A}"
EndProject
Project("{9A19103F-16F7-4668-BE54-9A1E7A4F7556}") = "Consumer", "Consumer\Consumer.csproj", "{294C26A2-7E7A-47B7-BBFF-86460E51B362}"
EndProject
Project("{FAE04EC0-301F-11D3-BF4B-00C04F79EFBC}") = "Common", "Common\Common.csproj", "{C157B236-C3C1-4325-8A69-53A9B67A7D4B}"
EndProject
Global
	GlobalSection(SolutionConfigurationPlatforms) = preSolution
		Debug|Any CPU = Debug|Any CPU
		Release|Any CPU = Release|Any CPU
	EndGlobalSection
	GlobalSection(ProjectConfigurationPlatforms) = postSolution
		{8839FCF9-9FB7-42F9-B6C0-4B17465A123A}.Debug|Any CPU.ActiveCfg = Debug|Any CPU
		{8839FCF9-9FB7-42F9-B6C0-4B17465A123A}.Debug|Any CPU.Build.0 = Debug|Any CPU
		{8839FCF9-9FB7-42F9-B6C0-4B17465A123A}.Release|Any CPU.ActiveCfg = Release|Any CPU
		{8839FCF9-9FB7-42F9-B6C0-4B17465A123A}.Release|Any CPU.Build.0 = Release|Any CPU
		{294C26A2-7E7A-47B7-BBFF-86460E51B362}.Debug|Any CPU.ActiveCfg = Debug|Any CPU
		{294C26A2-7E7A-47B7-BBFF-86460E51B362}.Debug|Any CPU.Build.0 = Debug|Any CPU
		{294C26A2-7E7A-47B7-BBFF-86460E51B362}.Release|Any CPU.ActiveCfg = Release|Any CPU
		{294C26A2-7E7A-47B7-BBFF-86460E51B362}.Release|Any CPU.Build.0 = Release|Any CPU
		{C157B236-C3C1-4325-8A69-53A9B67A7D4B}.Debug|Any CPU.ActiveCfg = Debug|Any CPU
		{C157B236-C3C1-4325-8A69-53A9B67A7D4B}.Debug|Any CPU.Build.0 = Debug|Any CPU
		{C157B236-C3C1-4325-8A69-53A9B67A7D4B}.Release|Any CPU.ActiveCfg = Release|Any CPU
		{C157B236-C3C1-4325-8A69-53A9B67A7D4B}.Release|Any CPU.Build.0 = Release|Any CPU
	EndGlobalSection
	GlobalSection(SolutionProperties) = preSolution
		HideSolutionNode = FALSE
	EndGlobalSection
	GlobalSection(ExtensibilityGlobals) = postSolution
		SolutionGuid = {4A2996E7-7EFA-443E-8414-03CCA2952FB4}
	EndGlobalSection
EndGlobal
