
Microsoft Visual Studio Solution File, Format Version 12.00
# Visual Studio Version 17
VisualStudioVersion = 17.6.33723.286
MinimumVisualStudioVersion = 10.0.40219.1
Project("{9A19103F-16F7-4668-BE54-9A1E7A4F7556}") = "MariaDBTest", "MariaDBTest.csproj", "{377E958D-D167-4971-B73A-E3A9C14E9234}"
EndProject
Global
	GlobalSection(SolutionConfigurationPlatforms) = preSolution
		Debug|Any CPU = Debug|Any CPU
		Release|Any CPU = Release|Any CPU
	EndGlobalSection
	GlobalSection(ProjectConfigurationPlatforms) = postSolution
		{377E958D-D167-4971-B73A-E3A9C14E9234}.Debug|Any CPU.ActiveCfg = Debug|Any CPU
		{377E958D-D167-4971-B73A-E3A9C14E9234}.Debug|Any CPU.Build.0 = Debug|Any CPU
		{377E958D-D167-4971-B73A-E3A9C14E9234}.Release|Any CPU.ActiveCfg = Release|Any CPU
		{377E958D-D167-4971-B73A-E3A9C14E9234}.Release|Any CPU.Build.0 = Release|Any CPU
	EndGlobalSection
	GlobalSection(SolutionProperties) = preSolution
		HideSolutionNode = FALSE
	EndGlobalSection
	GlobalSection(ExtensibilityGlobals) = postSolution
		SolutionGuid = {3F4FCDAD-D9C0-4268-A5BB-4A467E74AB93}
	EndGlobalSection
EndGlobal
