
Microsoft Visual Studio Solution File, Format Version 12.00
# Visual Studio Version 17
VisualStudioVersion = 17.4.33205.214
MinimumVisualStudioVersion = 10.0.40219.1
Project("{9A19103F-16F7-4668-BE54-9A1E7A4F7556}") = "HangfireApp", "HangfireApp.csproj", "{ABAD8231-00CC-4AAB-BDC3-9D493E23EBAC}"
EndProject
Global
	GlobalSection(SolutionConfigurationPlatforms) = preSolution
		Debug|Any CPU = Debug|Any CPU
		Release|Any CPU = Release|Any CPU
	EndGlobalSection
	GlobalSection(ProjectConfigurationPlatforms) = postSolution
		{ABAD8231-00CC-4AAB-BDC3-9D493E23EBAC}.Debug|Any CPU.ActiveCfg = Debug|Any CPU
		{ABAD8231-00CC-4AAB-BDC3-9D493E23EBAC}.Debug|Any CPU.Build.0 = Debug|Any CPU
		{ABAD8231-00CC-4AAB-BDC3-9D493E23EBAC}.Release|Any CPU.ActiveCfg = Release|Any CPU
		{ABAD8231-00CC-4AAB-BDC3-9D493E23EBAC}.Release|Any CPU.Build.0 = Release|Any CPU
	EndGlobalSection
	GlobalSection(SolutionProperties) = preSolution
		HideSolutionNode = FALSE
	EndGlobalSection
	GlobalSection(ExtensibilityGlobals) = postSolution
		SolutionGuid = {39AC40EF-9F6D-4858-A971-429DC9DEA1A2}
	EndGlobalSection
EndGlobal
