
Microsoft Visual Studio Solution File, Format Version 12.00
# Visual Studio Version 17
VisualStudioVersion = 17.0.31912.275
MinimumVisualStudioVersion = 10.0.40219.1
Project("{9A19103F-16F7-4668-BE54-9A1E7A4F7556}") = "HttpClientApp", "HttpClientApp.csproj", "{31259018-B05F-4327-9163-A4D5D51A9435}"
EndProject
Global
	GlobalSection(SolutionConfigurationPlatforms) = preSolution
		Debug|Any CPU = Debug|Any CPU
		Release|Any CPU = Release|Any CPU
	EndGlobalSection
	GlobalSection(ProjectConfigurationPlatforms) = postSolution
		{31259018-B05F-4327-9163-A4D5D51A9435}.Debug|Any CPU.ActiveCfg = Debug|Any CPU
		{31259018-B05F-4327-9163-A4D5D51A9435}.Debug|Any CPU.Build.0 = Debug|Any CPU
		{31259018-B05F-4327-9163-A4D5D51A9435}.Release|Any CPU.ActiveCfg = Release|Any CPU
		{31259018-B05F-4327-9163-A4D5D51A9435}.Release|Any CPU.Build.0 = Release|Any CPU
	EndGlobalSection
	GlobalSection(SolutionProperties) = preSolution
		HideSolutionNode = FALSE
	EndGlobalSection
	GlobalSection(ExtensibilityGlobals) = postSolution
		SolutionGuid = {E0EDF4BE-1A71-4FCB-8E47-CE89C07018E4}
	EndGlobalSection
EndGlobal
