
Microsoft Visual Studio Solution File, Format Version 12.00
# Visual Studio Version 16
VisualStudioVersion = 16.0.31321.278
MinimumVisualStudioVersion = 10.0.40219.1
Project("{9A19103F-16F7-4668-BE54-9A1E7A4F7556}") = "CsvReaderApp", "CsvReaderApp\CsvReaderApp.csproj", "{D3DAB072-9856-4D55-8926-7E0B17AFB52E}"
EndProject
Project("{9A19103F-16F7-4668-BE54-9A1E7A4F7556}") = "CsvReaderAppTests", "CsvReaderAppTests\CsvReaderAppTests.csproj", "{A74830D7-97C4-4D7C-A0B1-242EC9AEAB89}"
EndProject
Global
	GlobalSection(SolutionConfigurationPlatforms) = preSolution
		Debug|Any CPU = Debug|Any CPU
		Release|Any CPU = Release|Any CPU
	EndGlobalSection
	GlobalSection(ProjectConfigurationPlatforms) = postSolution
		{D3DAB072-9856-4D55-8926-7E0B17AFB52E}.Debug|Any CPU.ActiveCfg = Debug|Any CPU
		{D3DAB072-9856-4D55-8926-7E0B17AFB52E}.Debug|Any CPU.Build.0 = Debug|Any CPU
		{D3DAB072-9856-4D55-8926-7E0B17AFB52E}.Release|Any CPU.ActiveCfg = Release|Any CPU
		{D3DAB072-9856-4D55-8926-7E0B17AFB52E}.Release|Any CPU.Build.0 = Release|Any CPU
		{A74830D7-97C4-4D7C-A0B1-242EC9AEAB89}.Debug|Any CPU.ActiveCfg = Debug|Any CPU
		{A74830D7-97C4-4D7C-A0B1-242EC9AEAB89}.Debug|Any CPU.Build.0 = Debug|Any CPU
		{A74830D7-97C4-4D7C-A0B1-242EC9AEAB89}.Release|Any CPU.ActiveCfg = Release|Any CPU
		{A74830D7-97C4-4D7C-A0B1-242EC9AEAB89}.Release|Any CPU.Build.0 = Release|Any CPU
	EndGlobalSection
	GlobalSection(SolutionProperties) = preSolution
		HideSolutionNode = FALSE
	EndGlobalSection
	GlobalSection(ExtensibilityGlobals) = postSolution
		SolutionGuid = {872E6ED1-B091-4E1B-98C1-5570AC85F24C}
	EndGlobalSection
EndGlobal
